
Microsoft Visual Studio Solution File, Format Version 12.00
# Visual Studio Version 17
VisualStudioVersion = 17.0.31903.59
MinimumVisualStudioVersion = 10.0.40219.1
Project("{2150E333-8FDC-42A3-9474-1A3956D46DE8}") = "Modules", "Modules", "{EE3A1E25-CF10-4763-B4DF-35FD01DC78AB}"
EndProject
Project("{2150E333-8FDC-42A3-9474-1A3956D46DE8}") = "BuildingBlocks", "BuildingBlocks", "{2D73CC02-1FCE-43B6-99D1-C7F06C0E7E9A}"
EndProject
Project("{2150E333-8FDC-42A3-9474-1A3956D46DE8}") = "Projects", "Projects", "{BBA0C8A0-6B81-4177-AF01-D075A245244D}"
EndProject
Project("{2150E333-8FDC-42A3-9474-1A3956D46DE8}") = "Domain", "Domain", "{D859D6E8-F0CB-401F-B336-C5D8E3798CB4}"
EndProject
Project("{FAE04EC0-301F-11D3-BF4B-00C04F79EFBC}") = "Projects.Domain", "Modules\Projects\Domain\Projects.Domain\Projects.Domain.csproj", "{897394F2-9A07-4171-A854-4ED2D96B6976}"
EndProject
Project("{2150E333-8FDC-42A3-9474-1A3956D46DE8}") = "Application", "Application", "{5E1AD788-0879-4672-B372-A488DF39CB33}"
EndProject
Project("{FAE04EC0-301F-11D3-BF4B-00C04F79EFBC}") = "Projects.Application", "Modules\Projects\Application\Projects.Application\Projects.Application.csproj", "{2AEA6D6C-ACA5-4AD8-904F-74DE69076715}"
EndProject
Project("{FAE04EC0-301F-11D3-BF4B-00C04F79EFBC}") = "Project.Domain", "Modules\Projects\Project.Domain\Project.Domain.csproj", "{76F696AA-5712-4511-A1F0-738AF03D81AC}"
EndProject
Project("{FAE04EC0-301F-11D3-BF4B-00C04F79EFBC}") = "Projects.Application", "Modules\Projects\Application\Projects.Application.csproj", "{28C5185C-9BAF-4470-B8D1-C3C22780EA33}"
EndProject
Project("{FAE04EC0-301F-11D3-BF4B-00C04F79EFBC}") = "BuildingBlocks.Application", "BuildingBlocks\Application\BuildingBlocks.Application.csproj", "{EC30012C-6885-4F9F-AA63-44253030515F}"
EndProject
Project("{FAE04EC0-301F-11D3-BF4B-00C04F79EFBC}") = "BuildingBlocks.Domain", "BuildingBlocks\Domain\BuildingBlocks.Domain.csproj", "{D117B06B-B5E2-4B5F-987C-D80E9EEFD22D}"
EndProject
Global
	GlobalSection(SolutionProperties) = preSolution
		HideSolutionNode = FALSE
	EndGlobalSection
	GlobalSection(NestedProjects) = preSolution
		{BBA0C8A0-6B81-4177-AF01-D075A245244D} = {EE3A1E25-CF10-4763-B4DF-35FD01DC78AB}
		{D859D6E8-F0CB-401F-B336-C5D8E3798CB4} = {BBA0C8A0-6B81-4177-AF01-D075A245244D}
		{897394F2-9A07-4171-A854-4ED2D96B6976} = {D859D6E8-F0CB-401F-B336-C5D8E3798CB4}
		{5E1AD788-0879-4672-B372-A488DF39CB33} = {BBA0C8A0-6B81-4177-AF01-D075A245244D}
		{2AEA6D6C-ACA5-4AD8-904F-74DE69076715} = {5E1AD788-0879-4672-B372-A488DF39CB33}
		{76F696AA-5712-4511-A1F0-738AF03D81AC} = {BBA0C8A0-6B81-4177-AF01-D075A245244D}
		{28C5185C-9BAF-4470-B8D1-C3C22780EA33} = {BBA0C8A0-6B81-4177-AF01-D075A245244D}
		{EC30012C-6885-4F9F-AA63-44253030515F} = {2D73CC02-1FCE-43B6-99D1-C7F06C0E7E9A}
		{D117B06B-B5E2-4B5F-987C-D80E9EEFD22D} = {2D73CC02-1FCE-43B6-99D1-C7F06C0E7E9A}
	EndGlobalSection
	GlobalSection(ExtensibilityGlobals) = postSolution
		SolutionGuid = {908D59C2-B1B2-457E-A902-D3536EE69B8C}
	EndGlobalSection
	GlobalSection(SolutionConfigurationPlatforms) = preSolution
		Debug|Any CPU = Debug|Any CPU
		Debug|x64 = Debug|x64
		Debug|x86 = Debug|x86
		Release|Any CPU = Release|Any CPU
		Release|x64 = Release|x64
		Release|x86 = Release|x86
	EndGlobalSection
	GlobalSection(ProjectConfigurationPlatforms) = postSolution
		{897394F2-9A07-4171-A854-4ED2D96B6976}.Debug|Any CPU.ActiveCfg = Debug|Any CPU
		{897394F2-9A07-4171-A854-4ED2D96B6976}.Debug|Any CPU.Build.0 = Debug|Any CPU
		{897394F2-9A07-4171-A854-4ED2D96B6976}.Debug|x64.ActiveCfg = Debug|Any CPU
		{897394F2-9A07-4171-A854-4ED2D96B6976}.Debug|x64.Build.0 = Debug|Any CPU
		{897394F2-9A07-4171-A854-4ED2D96B6976}.Debug|x86.ActiveCfg = Debug|Any CPU
		{897394F2-9A07-4171-A854-4ED2D96B6976}.Debug|x86.Build.0 = Debug|Any CPU
		{897394F2-9A07-4171-A854-4ED2D96B6976}.Release|Any CPU.ActiveCfg = Release|Any CPU
		{897394F2-9A07-4171-A854-4ED2D96B6976}.Release|Any CPU.Build.0 = Release|Any CPU
		{897394F2-9A07-4171-A854-4ED2D96B6976}.Release|x64.ActiveCfg = Release|Any CPU
		{897394F2-9A07-4171-A854-4ED2D96B6976}.Release|x64.Build.0 = Release|Any CPU
		{897394F2-9A07-4171-A854-4ED2D96B6976}.Release|x86.ActiveCfg = Release|Any CPU
		{897394F2-9A07-4171-A854-4ED2D96B6976}.Release|x86.Build.0 = Release|Any CPU
		{2AEA6D6C-ACA5-4AD8-904F-74DE69076715}.Debug|Any CPU.ActiveCfg = Debug|Any CPU
		{2AEA6D6C-ACA5-4AD8-904F-74DE69076715}.Debug|Any CPU.Build.0 = Debug|Any CPU
		{2AEA6D6C-ACA5-4AD8-904F-74DE69076715}.Debug|x64.ActiveCfg = Debug|Any CPU
		{2AEA6D6C-ACA5-4AD8-904F-74DE69076715}.Debug|x64.Build.0 = Debug|Any CPU
		{2AEA6D6C-ACA5-4AD8-904F-74DE69076715}.Debug|x86.ActiveCfg = Debug|Any CPU
		{2AEA6D6C-ACA5-4AD8-904F-74DE69076715}.Debug|x86.Build.0 = Debug|Any CPU
		{2AEA6D6C-ACA5-4AD8-904F-74DE69076715}.Release|Any CPU.ActiveCfg = Release|Any CPU
		{2AEA6D6C-ACA5-4AD8-904F-74DE69076715}.Release|Any CPU.Build.0 = Release|Any CPU
		{2AEA6D6C-ACA5-4AD8-904F-74DE69076715}.Release|x64.ActiveCfg = Release|Any CPU
		{2AEA6D6C-ACA5-4AD8-904F-74DE69076715}.Release|x64.Build.0 = Release|Any CPU
		{2AEA6D6C-ACA5-4AD8-904F-74DE69076715}.Release|x86.ActiveCfg = Release|Any CPU
		{2AEA6D6C-ACA5-4AD8-904F-74DE69076715}.Release|x86.Build.0 = Release|Any CPU
		{76F696AA-5712-4511-A1F0-738AF03D81AC}.Debug|Any CPU.ActiveCfg = Debug|Any CPU
		{76F696AA-5712-4511-A1F0-738AF03D81AC}.Debug|Any CPU.Build.0 = Debug|Any CPU
		{76F696AA-5712-4511-A1F0-738AF03D81AC}.Debug|x64.ActiveCfg = Debug|Any CPU
		{76F696AA-5712-4511-A1F0-738AF03D81AC}.Debug|x64.Build.0 = Debug|Any CPU
		{76F696AA-5712-4511-A1F0-738AF03D81AC}.Debug|x86.ActiveCfg = Debug|Any CPU
		{76F696AA-5712-4511-A1F0-738AF03D81AC}.Debug|x86.Build.0 = Debug|Any CPU
		{76F696AA-5712-4511-A1F0-738AF03D81AC}.Release|Any CPU.ActiveCfg = Release|Any CPU
		{76F696AA-5712-4511-A1F0-738AF03D81AC}.Release|Any CPU.Build.0 = Release|Any CPU
		{76F696AA-5712-4511-A1F0-738AF03D81AC}.Release|x64.ActiveCfg = Release|Any CPU
		{76F696AA-5712-4511-A1F0-738AF03D81AC}.Release|x64.Build.0 = Release|Any CPU
		{76F696AA-5712-4511-A1F0-738AF03D81AC}.Release|x86.ActiveCfg = Release|Any CPU
		{76F696AA-5712-4511-A1F0-738AF03D81AC}.Release|x86.Build.0 = Release|Any CPU
		{28C5185C-9BAF-4470-B8D1-C3C22780EA33}.Debug|Any CPU.ActiveCfg = Debug|Any CPU
		{28C5185C-9BAF-4470-B8D1-C3C22780EA33}.Debug|Any CPU.Build.0 = Debug|Any CPU
		{28C5185C-9BAF-4470-B8D1-C3C22780EA33}.Debug|x64.ActiveCfg = Debug|Any CPU
		{28C5185C-9BAF-4470-B8D1-C3C22780EA33}.Debug|x64.Build.0 = Debug|Any CPU
		{28C5185C-9BAF-4470-B8D1-C3C22780EA33}.Debug|x86.ActiveCfg = Debug|Any CPU
		{28C5185C-9BAF-4470-B8D1-C3C22780EA33}.Debug|x86.Build.0 = Debug|Any CPU
		{28C5185C-9BAF-4470-B8D1-C3C22780EA33}.Release|Any CPU.ActiveCfg = Release|Any CPU
		{28C5185C-9BAF-4470-B8D1-C3C22780EA33}.Release|Any CPU.Build.0 = Release|Any CPU
		{28C5185C-9BAF-4470-B8D1-C3C22780EA33}.Release|x64.ActiveCfg = Release|Any CPU
		{28C5185C-9BAF-4470-B8D1-C3C22780EA33}.Release|x64.Build.0 = Release|Any CPU
		{28C5185C-9BAF-4470-B8D1-C3C22780EA33}.Release|x86.ActiveCfg = Release|Any CPU
		{28C5185C-9BAF-4470-B8D1-C3C22780EA33}.Release|x86.Build.0 = Release|Any CPU
		{EC30012C-6885-4F9F-AA63-44253030515F}.Debug|Any CPU.ActiveCfg = Debug|Any CPU
		{EC30012C-6885-4F9F-AA63-44253030515F}.Debug|Any CPU.Build.0 = Debug|Any CPU
		{EC30012C-6885-4F9F-AA63-44253030515F}.Debug|x64.ActiveCfg = Debug|Any CPU
		{EC30012C-6885-4F9F-AA63-44253030515F}.Debug|x64.Build.0 = Debug|Any CPU
		{EC30012C-6885-4F9F-AA63-44253030515F}.Debug|x86.ActiveCfg = Debug|Any CPU
		{EC30012C-6885-4F9F-AA63-44253030515F}.Debug|x86.Build.0 = Debug|Any CPU
		{EC30012C-6885-4F9F-AA63-44253030515F}.Release|Any CPU.ActiveCfg = Release|Any CPU
		{EC30012C-6885-4F9F-AA63-44253030515F}.Release|Any CPU.Build.0 = Release|Any CPU
		{EC30012C-6885-4F9F-AA63-44253030515F}.Release|x64.ActiveCfg = Release|Any CPU
		{EC30012C-6885-4F9F-AA63-44253030515F}.Release|x64.Build.0 = Release|Any CPU
		{EC30012C-6885-4F9F-AA63-44253030515F}.Release|x86.ActiveCfg = Release|Any CPU
		{EC30012C-6885-4F9F-AA63-44253030515F}.Release|x86.Build.0 = Release|Any CPU
		{D117B06B-B5E2-4B5F-987C-D80E9EEFD22D}.Debug|Any CPU.ActiveCfg = Debug|Any CPU
		{D117B06B-B5E2-4B5F-987C-D80E9EEFD22D}.Debug|Any CPU.Build.0 = Debug|Any CPU
		{D117B06B-B5E2-4B5F-987C-D80E9EEFD22D}.Debug|x64.ActiveCfg = Debug|Any CPU
		{D117B06B-B5E2-4B5F-987C-D80E9EEFD22D}.Debug|x64.Build.0 = Debug|Any CPU
		{D117B06B-B5E2-4B5F-987C-D80E9EEFD22D}.Debug|x86.ActiveCfg = Debug|Any CPU
		{D117B06B-B5E2-4B5F-987C-D80E9EEFD22D}.Debug|x86.Build.0 = Debug|Any CPU
		{D117B06B-B5E2-4B5F-987C-D80E9EEFD22D}.Release|Any CPU.ActiveCfg = Release|Any CPU
		{D117B06B-B5E2-4B5F-987C-D80E9EEFD22D}.Release|Any CPU.Build.0 = Release|Any CPU
		{D117B06B-B5E2-4B5F-987C-D80E9EEFD22D}.Release|x64.ActiveCfg = Release|Any CPU
		{D117B06B-B5E2-4B5F-987C-D80E9EEFD22D}.Release|x64.Build.0 = Release|Any CPU
		{D117B06B-B5E2-4B5F-987C-D80E9EEFD22D}.Release|x86.ActiveCfg = Release|Any CPU
		{D117B06B-B5E2-4B5F-987C-D80E9EEFD22D}.Release|x86.Build.0 = Release|Any CPU
	EndGlobalSection
EndGlobal
