
Microsoft Visual Studio Solution File, Format Version 12.00
# Visual Studio Version 17
VisualStudioVersion = 17.0.31903.59
MinimumVisualStudioVersion = 10.0.40219.1
Project("{2150E333-8FDC-42A3-9474-1A3956D46DE8}") = "Modules", "Modules", "{EE3A1E25-CF10-4763-B4DF-35FD01DC78AB}"
EndProject
Project("{2150E333-8FDC-42A3-9474-1A3956D46DE8}") = "BuildingBlocks", "BuildingBlocks", "{2D73CC02-1FCE-43B6-99D1-C7F06C0E7E9A}"
EndProject
Project("{9A19103F-16F7-4668-BE54-9A1E7A4F7556}") = "BuildingBlocks.Application", "BuildingBlocks\Application\BuildingBlocks.Application.csproj", "{EC30012C-6885-4F9F-AA63-44253030515F}"
EndProject
Project("{9A19103F-16F7-4668-BE54-9A1E7A4F7556}") = "BuildingBlocks.Domain", "BuildingBlocks\Domain\BuildingBlocks.Domain.csproj", "{D117B06B-B5E2-4B5F-987C-D80E9EEFD22D}"
EndProject
Project("{2150E333-8FDC-42A3-9474-1A3956D46DE8}") = "Users", "Users", "{801889F4-9324-4F40-9246-1E50C1378F16}"
EndProject
Project("{9A19103F-16F7-4668-BE54-9A1E7A4F7556}") = "Users.Application", "Modules\Users\Application\Users.Application.csproj", "{7B678E0C-9F8F-42BB-BA80-3E1499893FC4}"
EndProject
Project("{9A19103F-16F7-4668-BE54-9A1E7A4F7556}") = "Users.Domain", "Modules\Users\Domain\Users.Domain.csproj", "{829978D9-8801-46C4-91EE-383321A45919}"
EndProject
Project("{2150E333-8FDC-42A3-9474-1A3956D46DE8}") = "Investigations", "Investigations", "{6DA1A91C-CFBA-4E06-BDE7-B21D0A131808}"
EndProject
Project("{9A19103F-16F7-4668-BE54-9A1E7A4F7556}") = "Investigations.Domain", "Modules\Investigations\Domain\Investigations.Domain.csproj", "{411C9B5C-D529-467E-9587-5B027E9A5D20}"
EndProject
Project("{9A19103F-16F7-4668-BE54-9A1E7A4F7556}") = "Investigations.Application", "Modules\Investigations\Application\Investigations.Application.csproj", "{3AAAE39D-9F5B-4D7E-8DA3-F67604F8747C}"
EndProject
Project("{FAE04EC0-301F-11D3-BF4B-00C04F79EFBC}") = "API", "API\API.csproj", "{C2C77499-C1E0-43D2-B13E-DFC7F6FCBF42}"
EndProject
Global
	GlobalSection(SolutionConfigurationPlatforms) = preSolution
		Debug|Any CPU = Debug|Any CPU
		Debug|x64 = Debug|x64
		Debug|x86 = Debug|x86
		Release|Any CPU = Release|Any CPU
		Release|x64 = Release|x64
		Release|x86 = Release|x86
	EndGlobalSection
	GlobalSection(ProjectConfigurationPlatforms) = postSolution
		{EC30012C-6885-4F9F-AA63-44253030515F}.Debug|Any CPU.ActiveCfg = Debug|Any CPU
		{EC30012C-6885-4F9F-AA63-44253030515F}.Debug|Any CPU.Build.0 = Debug|Any CPU
		{EC30012C-6885-4F9F-AA63-44253030515F}.Debug|x64.ActiveCfg = Debug|Any CPU
		{EC30012C-6885-4F9F-AA63-44253030515F}.Debug|x64.Build.0 = Debug|Any CPU
		{EC30012C-6885-4F9F-AA63-44253030515F}.Debug|x86.ActiveCfg = Debug|Any CPU
		{EC30012C-6885-4F9F-AA63-44253030515F}.Debug|x86.Build.0 = Debug|Any CPU
		{EC30012C-6885-4F9F-AA63-44253030515F}.Release|Any CPU.ActiveCfg = Release|Any CPU
		{EC30012C-6885-4F9F-AA63-44253030515F}.Release|Any CPU.Build.0 = Release|Any CPU
		{EC30012C-6885-4F9F-AA63-44253030515F}.Release|x64.ActiveCfg = Release|Any CPU
		{EC30012C-6885-4F9F-AA63-44253030515F}.Release|x64.Build.0 = Release|Any CPU
		{EC30012C-6885-4F9F-AA63-44253030515F}.Release|x86.ActiveCfg = Release|Any CPU
		{EC30012C-6885-4F9F-AA63-44253030515F}.Release|x86.Build.0 = Release|Any CPU
		{D117B06B-B5E2-4B5F-987C-D80E9EEFD22D}.Debug|Any CPU.ActiveCfg = Debug|Any CPU
		{D117B06B-B5E2-4B5F-987C-D80E9EEFD22D}.Debug|Any CPU.Build.0 = Debug|Any CPU
		{D117B06B-B5E2-4B5F-987C-D80E9EEFD22D}.Debug|x64.ActiveCfg = Debug|Any CPU
		{D117B06B-B5E2-4B5F-987C-D80E9EEFD22D}.Debug|x64.Build.0 = Debug|Any CPU
		{D117B06B-B5E2-4B5F-987C-D80E9EEFD22D}.Debug|x86.ActiveCfg = Debug|Any CPU
		{D117B06B-B5E2-4B5F-987C-D80E9EEFD22D}.Debug|x86.Build.0 = Debug|Any CPU
		{D117B06B-B5E2-4B5F-987C-D80E9EEFD22D}.Release|Any CPU.ActiveCfg = Release|Any CPU
		{D117B06B-B5E2-4B5F-987C-D80E9EEFD22D}.Release|Any CPU.Build.0 = Release|Any CPU
		{D117B06B-B5E2-4B5F-987C-D80E9EEFD22D}.Release|x64.ActiveCfg = Release|Any CPU
		{D117B06B-B5E2-4B5F-987C-D80E9EEFD22D}.Release|x64.Build.0 = Release|Any CPU
		{D117B06B-B5E2-4B5F-987C-D80E9EEFD22D}.Release|x86.ActiveCfg = Release|Any CPU
		{D117B06B-B5E2-4B5F-987C-D80E9EEFD22D}.Release|x86.Build.0 = Release|Any CPU
		{7B678E0C-9F8F-42BB-BA80-3E1499893FC4}.Debug|Any CPU.ActiveCfg = Debug|Any CPU
		{7B678E0C-9F8F-42BB-BA80-3E1499893FC4}.Debug|Any CPU.Build.0 = Debug|Any CPU
		{7B678E0C-9F8F-42BB-BA80-3E1499893FC4}.Debug|x64.ActiveCfg = Debug|Any CPU
		{7B678E0C-9F8F-42BB-BA80-3E1499893FC4}.Debug|x64.Build.0 = Debug|Any CPU
		{7B678E0C-9F8F-42BB-BA80-3E1499893FC4}.Debug|x86.ActiveCfg = Debug|Any CPU
		{7B678E0C-9F8F-42BB-BA80-3E1499893FC4}.Debug|x86.Build.0 = Debug|Any CPU
		{7B678E0C-9F8F-42BB-BA80-3E1499893FC4}.Release|Any CPU.ActiveCfg = Release|Any CPU
		{7B678E0C-9F8F-42BB-BA80-3E1499893FC4}.Release|Any CPU.Build.0 = Release|Any CPU
		{7B678E0C-9F8F-42BB-BA80-3E1499893FC4}.Release|x64.ActiveCfg = Release|Any CPU
		{7B678E0C-9F8F-42BB-BA80-3E1499893FC4}.Release|x64.Build.0 = Release|Any CPU
		{7B678E0C-9F8F-42BB-BA80-3E1499893FC4}.Release|x86.ActiveCfg = Release|Any CPU
		{7B678E0C-9F8F-42BB-BA80-3E1499893FC4}.Release|x86.Build.0 = Release|Any CPU
		{829978D9-8801-46C4-91EE-383321A45919}.Debug|Any CPU.ActiveCfg = Debug|Any CPU
		{829978D9-8801-46C4-91EE-383321A45919}.Debug|Any CPU.Build.0 = Debug|Any CPU
		{829978D9-8801-46C4-91EE-383321A45919}.Debug|x64.ActiveCfg = Debug|Any CPU
		{829978D9-8801-46C4-91EE-383321A45919}.Debug|x64.Build.0 = Debug|Any CPU
		{829978D9-8801-46C4-91EE-383321A45919}.Debug|x86.ActiveCfg = Debug|Any CPU
		{829978D9-8801-46C4-91EE-383321A45919}.Debug|x86.Build.0 = Debug|Any CPU
		{829978D9-8801-46C4-91EE-383321A45919}.Release|Any CPU.ActiveCfg = Release|Any CPU
		{829978D9-8801-46C4-91EE-383321A45919}.Release|Any CPU.Build.0 = Release|Any CPU
		{829978D9-8801-46C4-91EE-383321A45919}.Release|x64.ActiveCfg = Release|Any CPU
		{829978D9-8801-46C4-91EE-383321A45919}.Release|x64.Build.0 = Release|Any CPU
		{829978D9-8801-46C4-91EE-383321A45919}.Release|x86.ActiveCfg = Release|Any CPU
		{829978D9-8801-46C4-91EE-383321A45919}.Release|x86.Build.0 = Release|Any CPU
		{411C9B5C-D529-467E-9587-5B027E9A5D20}.Debug|Any CPU.ActiveCfg = Debug|Any CPU
		{411C9B5C-D529-467E-9587-5B027E9A5D20}.Debug|Any CPU.Build.0 = Debug|Any CPU
		{411C9B5C-D529-467E-9587-5B027E9A5D20}.Debug|x64.ActiveCfg = Debug|Any CPU
		{411C9B5C-D529-467E-9587-5B027E9A5D20}.Debug|x64.Build.0 = Debug|Any CPU
		{411C9B5C-D529-467E-9587-5B027E9A5D20}.Debug|x86.ActiveCfg = Debug|Any CPU
		{411C9B5C-D529-467E-9587-5B027E9A5D20}.Debug|x86.Build.0 = Debug|Any CPU
		{411C9B5C-D529-467E-9587-5B027E9A5D20}.Release|Any CPU.ActiveCfg = Release|Any CPU
		{411C9B5C-D529-467E-9587-5B027E9A5D20}.Release|Any CPU.Build.0 = Release|Any CPU
		{411C9B5C-D529-467E-9587-5B027E9A5D20}.Release|x64.ActiveCfg = Release|Any CPU
		{411C9B5C-D529-467E-9587-5B027E9A5D20}.Release|x64.Build.0 = Release|Any CPU
		{411C9B5C-D529-467E-9587-5B027E9A5D20}.Release|x86.ActiveCfg = Release|Any CPU
		{411C9B5C-D529-467E-9587-5B027E9A5D20}.Release|x86.Build.0 = Release|Any CPU
		{3AAAE39D-9F5B-4D7E-8DA3-F67604F8747C}.Debug|Any CPU.ActiveCfg = Debug|Any CPU
		{3AAAE39D-9F5B-4D7E-8DA3-F67604F8747C}.Debug|Any CPU.Build.0 = Debug|Any CPU
		{3AAAE39D-9F5B-4D7E-8DA3-F67604F8747C}.Debug|x64.ActiveCfg = Debug|Any CPU
		{3AAAE39D-9F5B-4D7E-8DA3-F67604F8747C}.Debug|x64.Build.0 = Debug|Any CPU
		{3AAAE39D-9F5B-4D7E-8DA3-F67604F8747C}.Debug|x86.ActiveCfg = Debug|Any CPU
		{3AAAE39D-9F5B-4D7E-8DA3-F67604F8747C}.Debug|x86.Build.0 = Debug|Any CPU
		{3AAAE39D-9F5B-4D7E-8DA3-F67604F8747C}.Release|Any CPU.ActiveCfg = Release|Any CPU
		{3AAAE39D-9F5B-4D7E-8DA3-F67604F8747C}.Release|Any CPU.Build.0 = Release|Any CPU
		{3AAAE39D-9F5B-4D7E-8DA3-F67604F8747C}.Release|x64.ActiveCfg = Release|Any CPU
		{3AAAE39D-9F5B-4D7E-8DA3-F67604F8747C}.Release|x64.Build.0 = Release|Any CPU
		{3AAAE39D-9F5B-4D7E-8DA3-F67604F8747C}.Release|x86.ActiveCfg = Release|Any CPU
		{3AAAE39D-9F5B-4D7E-8DA3-F67604F8747C}.Release|x86.Build.0 = Release|Any CPU
		{C2C77499-C1E0-43D2-B13E-DFC7F6FCBF42}.Debug|Any CPU.ActiveCfg = Debug|Any CPU
		{C2C77499-C1E0-43D2-B13E-DFC7F6FCBF42}.Debug|Any CPU.Build.0 = Debug|Any CPU
		{C2C77499-C1E0-43D2-B13E-DFC7F6FCBF42}.Debug|x64.ActiveCfg = Debug|Any CPU
		{C2C77499-C1E0-43D2-B13E-DFC7F6FCBF42}.Debug|x64.Build.0 = Debug|Any CPU
		{C2C77499-C1E0-43D2-B13E-DFC7F6FCBF42}.Debug|x86.ActiveCfg = Debug|Any CPU
		{C2C77499-C1E0-43D2-B13E-DFC7F6FCBF42}.Debug|x86.Build.0 = Debug|Any CPU
		{C2C77499-C1E0-43D2-B13E-DFC7F6FCBF42}.Release|Any CPU.ActiveCfg = Release|Any CPU
		{C2C77499-C1E0-43D2-B13E-DFC7F6FCBF42}.Release|Any CPU.Build.0 = Release|Any CPU
		{C2C77499-C1E0-43D2-B13E-DFC7F6FCBF42}.Release|x64.ActiveCfg = Release|Any CPU
		{C2C77499-C1E0-43D2-B13E-DFC7F6FCBF42}.Release|x64.Build.0 = Release|Any CPU
		{C2C77499-C1E0-43D2-B13E-DFC7F6FCBF42}.Release|x86.ActiveCfg = Release|Any CPU
		{C2C77499-C1E0-43D2-B13E-DFC7F6FCBF42}.Release|x86.Build.0 = Release|Any CPU
	EndGlobalSection
	GlobalSection(SolutionProperties) = preSolution
		HideSolutionNode = FALSE
	EndGlobalSection
	GlobalSection(NestedProjects) = preSolution
		{EC30012C-6885-4F9F-AA63-44253030515F} = {2D73CC02-1FCE-43B6-99D1-C7F06C0E7E9A}
		{D117B06B-B5E2-4B5F-987C-D80E9EEFD22D} = {2D73CC02-1FCE-43B6-99D1-C7F06C0E7E9A}
		{801889F4-9324-4F40-9246-1E50C1378F16} = {EE3A1E25-CF10-4763-B4DF-35FD01DC78AB}
		{7B678E0C-9F8F-42BB-BA80-3E1499893FC4} = {801889F4-9324-4F40-9246-1E50C1378F16}
		{829978D9-8801-46C4-91EE-383321A45919} = {801889F4-9324-4F40-9246-1E50C1378F16}
		{6DA1A91C-CFBA-4E06-BDE7-B21D0A131808} = {EE3A1E25-CF10-4763-B4DF-35FD01DC78AB}
		{411C9B5C-D529-467E-9587-5B027E9A5D20} = {6DA1A91C-CFBA-4E06-BDE7-B21D0A131808}
		{3AAAE39D-9F5B-4D7E-8DA3-F67604F8747C} = {6DA1A91C-CFBA-4E06-BDE7-B21D0A131808}
	EndGlobalSection
	GlobalSection(ExtensibilityGlobals) = postSolution
		SolutionGuid = {908D59C2-B1B2-457E-A902-D3536EE69B8C}
	EndGlobalSection
EndGlobal
